
Microsoft Visual Studio Solution File, Format Version 12.00
# Visual Studio Version 16
VisualStudioVersion = 16.0.32228.343
MinimumVisualStudioVersion = 10.0.40219.1
Project("{FAE04EC0-301F-11D3-BF4B-00C04F79EFBC}") = "MyRestHR", "MyRestHR\MyRestHR.csproj", "{63E0B130-E4D5-44AD-865C-ACDA60B3FEE6}"
EndProject
Global
	GlobalSection(SolutionConfigurationPlatforms) = preSolution
		Debug|Any CPU = Debug|Any CPU
		Release|Any CPU = Release|Any CPU
	EndGlobalSection
	GlobalSection(ProjectConfigurationPlatforms) = postSolution
		{63E0B130-E4D5-44AD-865C-ACDA60B3FEE6}.Debug|Any CPU.ActiveCfg = Debug|Any CPU
		{63E0B130-E4D5-44AD-865C-ACDA60B3FEE6}.Debug|Any CPU.Build.0 = Debug|Any CPU
		{63E0B130-E4D5-44AD-865C-ACDA60B3FEE6}.Release|Any CPU.ActiveCfg = Release|Any CPU
		{63E0B130-E4D5-44AD-865C-ACDA60B3FEE6}.Release|Any CPU.Build.0 = Release|Any CPU
	EndGlobalSection
	GlobalSection(SolutionProperties) = preSolution
		HideSolutionNode = FALSE
	EndGlobalSection
	GlobalSection(ExtensibilityGlobals) = postSolution
		SolutionGuid = {BE5F3A18-96A9-4CB6-A29F-9DB21BF1883D}
	EndGlobalSection
EndGlobal
